
Microsoft Visual Studio Solution File, Format Version 12.00
# Visual Studio Version 16
VisualStudioVersion = 16.0.34031.81
MinimumVisualStudioVersion = 10.0.40219.1
Project("{FAE04EC0-301F-11D3-BF4B-00C04F79EFBC}") = "pruebamat", "pruebamat\pruebamat.csproj", "{74BF7889-43C4-44BF-BA2E-FC2322A4EE7E}"
EndProject
Global
	GlobalSection(SolutionConfigurationPlatforms) = preSolution
		Debug|Any CPU = Debug|Any CPU
		Release|Any CPU = Release|Any CPU
	EndGlobalSection
	GlobalSection(ProjectConfigurationPlatforms) = postSolution
		{74BF7889-43C4-44BF-BA2E-FC2322A4EE7E}.Debug|Any CPU.ActiveCfg = Debug|Any CPU
		{74BF7889-43C4-44BF-BA2E-FC2322A4EE7E}.Debug|Any CPU.Build.0 = Debug|Any CPU
		{74BF7889-43C4-44BF-BA2E-FC2322A4EE7E}.Release|Any CPU.ActiveCfg = Release|Any CPU
		{74BF7889-43C4-44BF-BA2E-FC2322A4EE7E}.Release|Any CPU.Build.0 = Release|Any CPU
	EndGlobalSection
	GlobalSection(SolutionProperties) = preSolution
		HideSolutionNode = FALSE
	EndGlobalSection
	GlobalSection(ExtensibilityGlobals) = postSolution
		SolutionGuid = {6A0C126A-3A27-4398-9EE7-A3F05721A211}
	EndGlobalSection
EndGlobal
